// !$*UTF8*$!
{
	archiveVersion = 1;
	classes = {
	};
	objectVersion = 50;
	objects = {

/* Begin PBXBuildFile section */
		40C523EA792F9175E0C21E82 /* Pods_CircularProgress.framework in Frameworks */ = {isa = PBXBuildFile; fileRef = FDC564B7BF7EF892C3F99316 /* Pods_CircularProgress.framework */; };
		7FA196C322FDB02700CC6C34 /* AppDelegate.swift in Sources */ = {isa = PBXBuildFile; fileRef = 7FA196C222FDB02700CC6C34 /* AppDelegate.swift */; };
		7FA196C522FDB02700CC6C34 /* ViewController.swift in Sources */ = {isa = PBXBuildFile; fileRef = 7FA196C422FDB02700CC6C34 /* ViewController.swift */; };
		7FA196C822FDB02700CC6C34 /* Main.storyboard in Resources */ = {isa = PBXBuildFile; fileRef = 7FA196C622FDB02700CC6C34 /* Main.storyboard */; };
		7FA196CA22FDB02900CC6C34 /* Assets.xcassets in Resources */ = {isa = PBXBuildFile; fileRef = 7FA196C922FDB02900CC6C34 /* Assets.xcassets */; };
		7FA196CD22FDB02900CC6C34 /* LaunchScreen.storyboard in Resources */ = {isa = PBXBuildFile; fileRef = 7FA196CB22FDB02900CC6C34 /* LaunchScreen.storyboard */; };
		7FA196D922FDB17200CC6C34 /* GradientCircularProgress.swift in Sources */ = {isa = PBXBuildFile; fileRef = 7FA196D822FDB17200CC6C34 /* GradientCircularProgress.swift */; };
/* End PBXBuildFile section */

/* Begin PBXFileReference section */
		260717629A8B712DFBA6BD98 /* Pods-CircularProgress.debug.xcconfig */ = {isa = PBXFileReference; includeInIndex = 1; lastKnownFileType = text.xcconfig; name = "Pods-CircularProgress.debug.xcconfig"; path = "Pods/Target Support Files/Pods-CircularProgress/Pods-CircularProgress.debug.xcconfig"; sourceTree = "<group>"; };
		7FA196BF22FDB02700CC6C34 /* CircularProgress.app */ = {isa = PBXFileReference; explicitFileType = wrapper.application; includeInIndex = 0; path = CircularProgress.app; sourceTree = BUILT_PRODUCTS_DIR; };
		7FA196C222FDB02700CC6C34 /* AppDelegate.swift */ = {isa = PBXFileReference; lastKnownFileType = sourcecode.swift; path = AppDelegate.swift; sourceTree = "<group>"; };
		7FA196C422FDB02700CC6C34 /* ViewController.swift */ = {isa = PBXFileReference; lastKnownFileType = sourcecode.swift; path = ViewController.swift; sourceTree = "<group>"; };
		7FA196C722FDB02700CC6C34 /* Base */ = {isa = PBXFileReference; lastKnownFileType = file.storyboard; name = Base; path = Base.lproj/Main.storyboard; sourceTree = "<group>"; };
		7FA196C922FDB02900CC6C34 /* Assets.xcassets */ = {isa = PBXFileReference; lastKnownFileType = folder.assetcatalog; path = Assets.xcassets; sourceTree = "<group>"; };
		7FA196CC22FDB02900CC6C34 /* Base */ = {isa = PBXFileReference; lastKnownFileType = file.storyboard; name = Base; path = Base.lproj/LaunchScreen.storyboard; sourceTree = "<group>"; };
		7FA196CE22FDB02900CC6C34 /* Info.plist */ = {isa = PBXFileReference; lastKnownFileType = text.plist.xml; path = Info.plist; sourceTree = "<group>"; };
		7FA196D822FDB17200CC6C34 /* GradientCircularProgress.swift */ = {isa = PBXFileReference; lastKnownFileType = sourcecode.swift; path = GradientCircularProgress.swift; sourceTree = "<group>"; };
		D0C0FBFE1115CA405714CD65 /* Pods-CircularProgress.release.xcconfig */ = {isa = PBXFileReference; includeInIndex = 1; lastKnownFileType = text.xcconfig; name = "Pods-CircularProgress.release.xcconfig"; path = "Pods/Target Support Files/Pods-CircularProgress/Pods-CircularProgress.release.xcconfig"; sourceTree = "<group>"; };
		FDC564B7BF7EF892C3F99316 /* Pods_CircularProgress.framework */ = {isa = PBXFileReference; explicitFileType = wrapper.framework; includeInIndex = 0; path = Pods_CircularProgress.framework; sourceTree = BUILT_PRODUCTS_DIR; };
/* End PBXFileReference section */

/* Begin PBXFrameworksBuildPhase section */
		7FA196BC22FDB02700CC6C34 /* Frameworks */ = {
			isa = PBXFrameworksBuildPhase;
			buildActionMask = 2147483647;
			files = (
				40C523EA792F9175E0C21E82 /* Pods_CircularProgress.framework in Frameworks */,
			);
			runOnlyForDeploymentPostprocessing = 0;
		};
/* End PBXFrameworksBuildPhase section */

/* Begin PBXGroup section */
		5662DED2B390B4DDD940FBDF /* Frameworks */ = {
			isa = PBXGroup;
			children = (
				FDC564B7BF7EF892C3F99316 /* Pods_CircularProgress.framework */,
			);
			name = Frameworks;
			sourceTree = "<group>";
		};
		7FA196B622FDB02700CC6C34 = {
			isa = PBXGroup;
			children = (
				7FA196C122FDB02700CC6C34 /* CircularProgress */,
				7FA196C022FDB02700CC6C34 /* Products */,
				D3DC63136C5AC8F127163516 /* Pods */,
				5662DED2B390B4DDD940FBDF /* Frameworks */,
			);
			sourceTree = "<group>";
		};
		7FA196C022FDB02700CC6C34 /* Products */ = {
			isa = PBXGroup;
			children = (
				7FA196BF22FDB02700CC6C34 /* CircularProgress.app */,
			);
			name = Products;
			sourceTree = "<group>";
		};
		7FA196C122FDB02700CC6C34 /* CircularProgress */ = {
			isa = PBXGroup;
			children = (
				7FA196D722FDB15600CC6C34 /* Gradient Circular Progress */,
				7FA196D622FDB05D00CC6C34 /* User Interface */,
				7FA196D522FDB04600CC6C34 /* Controllers */,
				7FA196D422FDB03600CC6C34 /* Root */,
				7FA196C922FDB02900CC6C34 /* Assets.xcassets */,
				7FA196CE22FDB02900CC6C34 /* Info.plist */,
			);
			path = CircularProgress;
			sourceTree = "<group>";
		};
		7FA196D422FDB03600CC6C34 /* Root */ = {
			isa = PBXGroup;
			children = (
				7FA196C222FDB02700CC6C34 /* AppDelegate.swift */,
			);
			path = Root;
			sourceTree = "<group>";
		};
		7FA196D522FDB04600CC6C34 /* Controllers */ = {
			isa = PBXGroup;
			children = (
				7FA196C422FDB02700CC6C34 /* ViewController.swift */,
			);
			path = Controllers;
			sourceTree = "<group>";
		};
		7FA196D622FDB05D00CC6C34 /* User Interface */ = {
			isa = PBXGroup;
			children = (
				7FA196C622FDB02700CC6C34 /* Main.storyboard */,
				7FA196CB22FDB02900CC6C34 /* LaunchScreen.storyboard */,
			);
			path = "User Interface";
			sourceTree = "<group>";
		};
		7FA196D722FDB15600CC6C34 /* Gradient Circular Progress */ = {
			isa = PBXGroup;
			children = (
				7FA196D822FDB17200CC6C34 /* GradientCircularProgress.swift */,
			);
			path = "Gradient Circular Progress";
			sourceTree = "<group>";
		};
		D3DC63136C5AC8F127163516 /* Pods */ = {
			isa = PBXGroup;
			children = (
				260717629A8B712DFBA6BD98 /* Pods-CircularProgress.debug.xcconfig */,
				D0C0FBFE1115CA405714CD65 /* Pods-CircularProgress.release.xcconfig */,
			);
			name = Pods;
			sourceTree = "<group>";
		};
/* End PBXGroup section */

/* Begin PBXNativeTarget section */
		7FA196BE22FDB02700CC6C34 /* CircularProgress */ = {
			isa = PBXNativeTarget;
			buildConfigurationList = 7FA196D122FDB02900CC6C34 /* Build configuration list for PBXNativeTarget "CircularProgress" */;
			buildPhases = (
				ED49E3F6BDC105EC6A9634A2 /* [CP] Check Pods Manifest.lock */,
				7FA196BB22FDB02700CC6C34 /* Sources */,
				7FA196BC22FDB02700CC6C34 /* Frameworks */,
				7FA196BD22FDB02700CC6C34 /* Resources */,
				8BC60D0EF0701C22CCCA4B4E /* [CP] Embed Pods Frameworks */,
			);
			buildRules = (
			);
			dependencies = (
			);
			name = CircularProgress;
			productName = CircularProgress;
			productReference = 7FA196BF22FDB02700CC6C34 /* CircularProgress.app */;
			productType = "com.apple.product-type.application";
		};
/* End PBXNativeTarget section */

/* Begin PBXProject section */
		7FA196B722FDB02700CC6C34 /* Project object */ = {
			isa = PBXProject;
			attributes = {
				LastSwiftUpdateCheck = 1030;
				LastUpgradeCheck = 1030;
				ORGANIZATIONNAME = "Marcelo Sampaio";
				TargetAttributes = {
					7FA196BE22FDB02700CC6C34 = {
						CreatedOnToolsVersion = 10.3;
					};
				};
			};
			buildConfigurationList = 7FA196BA22FDB02700CC6C34 /* Build configuration list for PBXProject "CircularProgress" */;
			compatibilityVersion = "Xcode 9.3";
			developmentRegion = en;
			hasScannedForEncodings = 0;
			knownRegions = (
				en,
				Base,
			);
			mainGroup = 7FA196B622FDB02700CC6C34;
			productRefGroup = 7FA196C022FDB02700CC6C34 /* Products */;
			projectDirPath = "";
			projectRoot = "";
			targets = (
				7FA196BE22FDB02700CC6C34 /* CircularProgress */,
			);
		};
/* End PBXProject section */

/* Begin PBXResourcesBuildPhase section */
		7FA196BD22FDB02700CC6C34 /* Resources */ = {
			isa = PBXResourcesBuildPhase;
			buildActionMask = 2147483647;
			files = (
				7FA196CD22FDB02900CC6C34 /* LaunchScreen.storyboard in Resources */,
				7FA196CA22FDB02900CC6C34 /* Assets.xcassets in Resources */,
				7FA196C822FDB02700CC6C34 /* Main.storyboard in Resources */,
			);
			runOnlyForDeploymentPostprocessing = 0;
		};
/* End PBXResourcesBuildPhase section */

/* Begin PBXShellScriptBuildPhase section */
		8BC60D0EF0701C22CCCA4B4E /* [CP] Embed Pods Frameworks */ = {
			isa = PBXShellScriptBuildPhase;
			buildActionMask = 2147483647;
			files = (
			);
			inputFileListPaths = (
			);
			inputPaths = (
				"${SRCROOT}/Pods/Target Support Files/Pods-CircularProgress/Pods-CircularProgress-frameworks.sh",
				"${BUILT_PRODUCTS_DIR}/GradientCircularProgress/GradientCircularProgress.framework",
			);
			name = "[CP] Embed Pods Frameworks";
			outputFileListPaths = (
			);
			outputPaths = (
				"${TARGET_BUILD_DIR}/${FRAMEWORKS_FOLDER_PATH}/GradientCircularProgress.framework",
			);
			runOnlyForDeploymentPostprocessing = 0;
			shellPath = /bin/sh;
			shellScript = "\"${SRCROOT}/Pods/Target Support Files/Pods-CircularProgress/Pods-CircularProgress-frameworks.sh\"\n";
			showEnvVarsInLog = 0;
		};
		ED49E3F6BDC105EC6A9634A2 /* [CP] Check Pods Manifest.lock */ = {
			isa = PBXShellScriptBuildPhase;
			buildActionMask = 2147483647;
			files = (
			);
			inputFileListPaths = (
			);
			inputPaths = (
				"${PODS_PODFILE_DIR_PATH}/Podfile.lock",
				"${PODS_ROOT}/Manifest.lock",
			);
			name = "[CP] Check Pods Manifest.lock";
			outputFileListPaths = (
			);
			outputPaths = (
				"$(DERIVED_FILE_DIR)/Pods-CircularProgress-checkManifestLockResult.txt",
			);
			runOnlyForDeploymentPostprocessing = 0;
			shellPath = /bin/sh;
			shellScript = "diff \"${PODS_PODFILE_DIR_PATH}/Podfile.lock\" \"${PODS_ROOT}/Manifest.lock\" > /dev/null\nif [ $? != 0 ] ; then\n    # print error to STDERR\n    echo \"error: The sandbox is not in sync with the Podfile.lock. Run 'pod install' or update your CocoaPods installation.\" >&2\n    exit 1\nfi\n# This output is used by Xcode 'outputs' to avoid re-running this script phase.\necho \"SUCCESS\" > \"${SCRIPT_OUTPUT_FILE_0}\"\n";
			showEnvVarsInLog = 0;
		};
/* End PBXShellScriptBuildPhase section */

/* Begin PBXSourcesBuildPhase section */
		7FA196BB22FDB02700CC6C34 /* Sources */ = {
			isa = PBXSourcesBuildPhase;
			buildActionMask = 2147483647;
			files = (
				7FA196C522FDB02700CC6C34 /* ViewController.swift in Sources */,
				7FA196D922FDB17200CC6C34 /* GradientCircularProgress.swift in Sources */,
				7FA196C322FDB02700CC6C34 /* AppDelegate.swift in Sources */,
			);
			runOnlyForDeploymentPostprocessing = 0;
		};
/* End PBXSourcesBuildPhase section */

/* Begin PBXVariantGroup section */
		7FA196C622FDB02700CC6C34 /* Main.storyboard */ = {
			isa = PBXVariantGroup;
			children = (
				7FA196C722FDB02700CC6C34 /* Base */,
			);
			name = Main.storyboard;
			sourceTree = "<group>";
		};
		7FA196CB22FDB02900CC6C34 /* LaunchScreen.storyboard */ = {
			isa = PBXVariantGroup;
			children = (
				7FA196CC22FDB02900CC6C34 /* Base */,
			);
			name = LaunchScreen.storyboard;
			sourceTree = "<group>";
		};
/* End PBXVariantGroup section */

/* Begin XCBuildConfiguration section */
		7FA196CF22FDB02900CC6C34 /* Debug */ = {
			isa = XCBuildConfiguration;
			buildSettings = {
				ALWAYS_SEARCH_USER_PATHS = NO;
				CLANG_ANALYZER_NONNULL = YES;
				CLANG_ANALYZER_NUMBER_OBJECT_CONVERSION = YES_AGGRESSIVE;
				CLANG_CXX_LANGUAGE_STANDARD = "gnu++14";
				CLANG_CXX_LIBRARY = "libc++";
				CLANG_ENABLE_MODULES = YES;
				CLANG_ENABLE_OBJC_ARC = YES;
				CLANG_ENABLE_OBJC_WEAK = YES;
				CLANG_WARN_BLOCK_CAPTURE_AUTORELEASING = YES;
				CLANG_WARN_BOOL_CONVERSION = YES;
				CLANG_WARN_COMMA = YES;
				CLANG_WARN_CONSTANT_CONVERSION = YES;
				CLANG_WARN_DEPRECATED_OBJC_IMPLEMENTATIONS = YES;
				CLANG_WARN_DIRECT_OBJC_ISA_USAGE = YES_ERROR;
				CLANG_WARN_DOCUMENTATION_COMMENTS = YES;
				CLANG_WARN_EMPTY_BODY = YES;
				CLANG_WARN_ENUM_CONVERSION = YES;
				CLANG_WARN_INFINITE_RECURSION = YES;
				CLANG_WARN_INT_CONVERSION = YES;
				CLANG_WARN_NON_LITERAL_NULL_CONVERSION = YES;
				CLANG_WARN_OBJC_IMPLICIT_RETAIN_SELF = YES;
				CLANG_WARN_OBJC_LITERAL_CONVERSION = YES;
				CLANG_WARN_OBJC_ROOT_CLASS = YES_ERROR;
				CLANG_WARN_RANGE_LOOP_ANALYSIS = YES;
				CLANG_WARN_STRICT_PROTOTYPES = YES;
				CLANG_WARN_SUSPICIOUS_MOVE = YES;
				CLANG_WARN_UNGUARDED_AVAILABILITY = YES_AGGRESSIVE;
				CLANG_WARN_UNREACHABLE_CODE = YES;
				CLANG_WARN__DUPLICATE_METHOD_MATCH = YES;
				CODE_SIGN_IDENTITY = "iPhone Developer";
				COPY_PHASE_STRIP = NO;
				DEBUG_INFORMATION_FORMAT = dwarf;
				ENABLE_STRICT_OBJC_MSGSEND = YES;
				ENABLE_TESTABILITY = YES;
				GCC_C_LANGUAGE_STANDARD = gnu11;
				GCC_DYNAMIC_NO_PIC = NO;
				GCC_NO_COMMON_BLOCKS = YES;
				GCC_OPTIMIZATION_LEVEL = 0;
				GCC_PREPROCESSOR_DEFINITIONS = (
					"DEBUG=1",
					"$(inherited)",
				);
				GCC_WARN_64_TO_32_BIT_CONVERSION = YES;
				GCC_WARN_ABOUT_RETURN_TYPE = YES_ERROR;
				GCC_WARN_UNDECLARED_SELECTOR = YES;
				GCC_WARN_UNINITIALIZED_AUTOS = YES_AGGRESSIVE;
				GCC_WARN_UNUSED_FUNCTION = YES;
				GCC_WARN_UNUSED_VARIABLE = YES;
				IPHONEOS_DEPLOYMENT_TARGET = 12.4;
				MTL_ENABLE_DEBUG_INFO = INCLUDE_SOURCE;
				MTL_FAST_MATH = YES;
				ONLY_ACTIVE_ARCH = YES;
				SDKROOT = iphoneos;
				SWIFT_ACTIVE_COMPILATION_CONDITIONS = DEBUG;
				SWIFT_OPTIMIZATION_LEVEL = "-Onone";
			};
			name = Debug;
		};
		7FA196D022FDB02900CC6C34 /* Release */ = {
			isa = XCBuildConfiguration;
			buildSettings = {
				ALWAYS_SEARCH_USER_PATHS = NO;
				CLANG_ANALYZER_NONNULL = YES;
				CLANG_ANALYZER_NUMBER_OBJECT_CONVERSION = YES_AGGRESSIVE;
				CLANG_CXX_LANGUAGE_STANDARD = "gnu++14";
				CLANG_CXX_LIBRARY = "libc++";
				CLANG_ENABLE_MODULES = YES;
				CLANG_ENABLE_OBJC_ARC = YES;
				CLANG_ENABLE_OBJC_WEAK = YES;
				CLANG_WARN_BLOCK_CAPTURE_AUTORELEASING = YES;
				CLANG_WARN_BOOL_CONVERSION = YES;
				CLANG_WARN_COMMA = YES;
				CLANG_WARN_CONSTANT_CONVERSION = YES;
				CLANG_WARN_DEPRECATED_OBJC_IMPLEMENTATIONS = YES;
				CLANG_WARN_DIRECT_OBJC_ISA_USAGE = YES_ERROR;
				CLANG_WARN_DOCUMENTATION_COMMENTS = YES;
				CLANG_WARN_EMPTY_BODY = YES;
				CLANG_WARN_ENUM_CONVERSION = YES;
				CLANG_WARN_INFINITE_RECURSION = YES;
				CLANG_WARN_INT_CONVERSION = YES;
				CLANG_WARN_NON_LITERAL_NULL_CONVERSION = YES;
				CLANG_WARN_OBJC_IMPLICIT_RETAIN_SELF = YES;
				CLANG_WARN_OBJC_LITERAL_CONVERSION = YES;
				CLANG_WARN_OBJC_ROOT_CLASS = YES_ERROR;
				CLANG_WARN_RANGE_LOOP_ANALYSIS = YES;
				CLANG_WARN_STRICT_PROTOTYPES = YES;
				CLANG_WARN_SUSPICIOUS_MOVE = YES;
				CLANG_WARN_UNGUARDED_AVAILABILITY = YES_AGGRESSIVE;
				CLANG_WARN_UNREACHABLE_CODE = YES;
				CLANG_WARN__DUPLICATE_METHOD_MATCH = YES;
				CODE_SIGN_IDENTITY = "iPhone Developer";
				COPY_PHASE_STRIP = NO;
				DEBUG_INFORMATION_FORMAT = "dwarf-with-dsym";
				ENABLE_NS_ASSERTIONS = NO;
				ENABLE_STRICT_OBJC_MSGSEND = YES;
				GCC_C_LANGUAGE_STANDARD = gnu11;
				GCC_NO_COMMON_BLOCKS = YES;
				GCC_WARN_64_TO_32_BIT_CONVERSION = YES;
				GCC_WARN_ABOUT_RETURN_TYPE = YES_ERROR;
				GCC_WARN_UNDECLARED_SELECTOR = YES;
				GCC_WARN_UNINITIALIZED_AUTOS = YES_AGGRESSIVE;
				GCC_WARN_UNUSED_FUNCTION = YES;
				GCC_WARN_UNUSED_VARIABLE = YES;
				IPHONEOS_DEPLOYMENT_TARGET = 12.4;
				MTL_ENABLE_DEBUG_INFO = NO;
				MTL_FAST_MATH = YES;
				SDKROOT = iphoneos;
				SWIFT_COMPILATION_MODE = wholemodule;
				SWIFT_OPTIMIZATION_LEVEL = "-O";
				VALIDATE_PRODUCT = YES;
			};
			name = Release;
		};
		7FA196D222FDB02900CC6C34 /* Debug */ = {
			isa = XCBuildConfiguration;
			baseConfigurationReference = 260717629A8B712DFBA6BD98 /* Pods-CircularProgress.debug.xcconfig */;
			buildSettings = {
				ASSETCATALOG_COMPILER_APPICON_NAME = AppIcon;
				CODE_SIGN_STYLE = Automatic;
				DEVELOPMENT_TEAM = V56653R9Z8;
				INFOPLIST_FILE = CircularProgress/Info.plist;
				LD_RUNPATH_SEARCH_PATHS = (
					"$(inherited)",
					"@executable_path/Frameworks",
				);
				PRODUCT_BUNDLE_IDENTIFIER = MR.CircularProgress;
				PRODUCT_NAME = "$(TARGET_NAME)";
				SWIFT_VERSION = 5.0;
				TARGETED_DEVICE_FAMILY = "1,2";
			};
			name = Debug;
		};
		7FA196D322FDB02900CC6C34 /* Release */ = {
			isa = XCBuildConfiguration;
			baseConfigurationReference = D0C0FBFE1115CA405714CD65 /* Pods-CircularProgress.release.xcconfig */;
			buildSettings = {
				ASSETCATALOG_COMPILER_APPICON_NAME = AppIcon;
				CODE_SIGN_STYLE = Automatic;
				DEVELOPMENT_TEAM = V56653R9Z8;
				INFOPLIST_FILE = CircularProgress/Info.plist;
				LD_RUNPATH_SEARCH_PATHS = (
					"$(inherited)",
					"@executable_path/Frameworks",
				);
				PRODUCT_BUNDLE_IDENTIFIER = MR.CircularProgress;
				PRODUCT_NAME = "$(TARGET_NAME)";
				SWIFT_VERSION = 5.0;
				TARGETED_DEVICE_FAMILY = "1,2";
			};
			name = Release;
		};
/* End XCBuildConfiguration section */

/* Begin XCConfigurationList section */
		7FA196BA22FDB02700CC6C34 /* Build configuration list for PBXProject "CircularProgress" */ = {
			isa = XCConfigurationList;
			buildConfigurations = (
				7FA196CF22FDB02900CC6C34 /* Debug */,
				7FA196D022FDB02900CC6C34 /* Release */,
			);
			defaultConfigurationIsVisible = 0;
			defaultConfigurationName = Release;
		};
		7FA196D122FDB02900CC6C34 /* Build configuration list for PBXNativeTarget "CircularProgress" */ = {
			isa = XCConfigurationList;
			buildConfigurations = (
				7FA196D222FDB02900CC6C34 /* Debug */,
				7FA196D322FDB02900CC6C34 /* Release */,
			);
			defaultConfigurationIsVisible = 0;
			defaultConfigurationName = Release;
		};
/* End XCConfigurationList section */
	};
	rootObject = 7FA196B722FDB02700CC6C34 /* Project object */;
}
